PODS:
  - MaterialTextField (1.0.1)
  - SDWebImage (4.4.2):
    - SDWebImage/Core (= 4.4.2)
  - SDWebImage/Core (4.4.2)

DEPENDENCIES:
  - MaterialTextField
  - SDWebImage

SPEC REPOS:
  https://github.com/cocoapods/specs.git:
    - MaterialTextField
    - SDWebImage

SPEC CHECKSUMS:
  MaterialTextField: f1a0786588e4d3610cb9bb62d2adbe9777cebbf9
  SDWebImage: 624d6e296c69b244bcede364c72ae0430ac14681

PODFILE CHECKSUM: bebb335d09f3ab60f4b07bd655300ad6e12a506f

COCOAPODS: 1.5.3
