// !$*UTF8*$!
{
	archiveVersion = 1;
	classes = {
	};
	objectVersion = 50;
	objects = {

/* Begin PBXBuildFile section */
		1A4A5A24221094D90034437A /* SingletonClass.swift in Sources */ = {isa = PBXBuildFile; fileRef = 1A4A5A23221094D90034437A /* SingletonClass.swift */; };
		1A9723BC220C957B00D531B1 /* Extension.swift in Sources */ = {isa = PBXBuildFile; fileRef = 1A9723BB220C957B00D531B1 /* Extension.swift */; };
		1A9723BE220C95A700D531B1 /* UtilitiesFile.swift in Sources */ = {isa = PBXBuildFile; fileRef = 1A9723BD220C95A600D531B1 /* UtilitiesFile.swift */; };
		1A9723C0220C9E0300D531B1 /* SweetAlert.swift in Sources */ = {isa = PBXBuildFile; fileRef = 1A9723BF220C9E0300D531B1 /* SweetAlert.swift */; };
		1A9723C2220CB4CF00D531B1 /* ForgotViewController.swift in Sources */ = {isa = PBXBuildFile; fileRef = 1A9723C1220CB4CF00D531B1 /* ForgotViewController.swift */; };
		1A9723C4220CB6B100D531B1 /* HomePageCollectionViewCell.swift in Sources */ = {isa = PBXBuildFile; fileRef = 1A9723C3220CB6B100D531B1 /* HomePageCollectionViewCell.swift */; };
		1A9723C6220CB6DD00D531B1 /* TypesOfProductCollectionViewCell.swift in Sources */ = {isa = PBXBuildFile; fileRef = 1A9723C5220CB6DD00D531B1 /* TypesOfProductCollectionViewCell.swift */; };
		1A9723CA220CBB6200D531B1 /* TypeOfProductNameTableViewCell.swift in Sources */ = {isa = PBXBuildFile; fileRef = 1A9723C9220CBB6200D531B1 /* TypeOfProductNameTableViewCell.swift */; };
		1A9723CC220CBB9100D531B1 /* TypesOfProductItemsTableViewCell.swift in Sources */ = {isa = PBXBuildFile; fileRef = 1A9723CB220CBB9100D531B1 /* TypesOfProductItemsTableViewCell.swift */; };
		1AAB19BB2215CC2B009F0CDB /* HomeSlideScreensTableViewCell.swift in Sources */ = {isa = PBXBuildFile; fileRef = 1AAB19BA2215CC2B009F0CDB /* HomeSlideScreensTableViewCell.swift */; };
		1AAB19BD2215D30E009F0CDB /* ChaiDetProductItemsImagesTableViewCell.swift in Sources */ = {isa = PBXBuildFile; fileRef = 1AAB19BC2215D30E009F0CDB /* ChaiDetProductItemsImagesTableViewCell.swift */; };
		1AAB19BF2215E4A7009F0CDB /* ChaiDetaDescrbtionsTableViewCell.swift in Sources */ = {isa = PBXBuildFile; fileRef = 1AAB19BE2215E4A7009F0CDB /* ChaiDetaDescrbtionsTableViewCell.swift */; };
		1AAB19C12215E4F9009F0CDB /* ChaiDetaIngrediantsImagesTableViewCell.swift in Sources */ = {isa = PBXBuildFile; fileRef = 1AAB19C02215E4F9009F0CDB /* ChaiDetaIngrediantsImagesTableViewCell.swift */; };
		1AAB19C32215E540009F0CDB /* ChaiProductDetailsSectionTableViewCell.swift in Sources */ = {isa = PBXBuildFile; fileRef = 1AAB19C22215E540009F0CDB /* ChaiProductDetailsSectionTableViewCell.swift */; };
		1AAB19C52215E56C009F0CDB /* ChaiProductDetailsRowTableViewCell.swift in Sources */ = {isa = PBXBuildFile; fileRef = 1AAB19C42215E56C009F0CDB /* ChaiProductDetailsRowTableViewCell.swift */; };
		1AB9AF0522108E2400F44828 /* MBProgressHUD.m in Sources */ = {isa = PBXBuildFile; fileRef = 1AB9AF0322108E2400F44828 /* MBProgressHUD.m */; };
		1AC9166322165D5B007D8703 /* ChaiDetaSlideImagesCollectionViewCell.swift in Sources */ = {isa = PBXBuildFile; fileRef = 1AC9166222165D5B007D8703 /* ChaiDetaSlideImagesCollectionViewCell.swift */; };
		1ADC7EEF220BC99800CD3ACD /* HomeViewController.swift in Sources */ = {isa = PBXBuildFile; fileRef = 1ADC7EEE220BC99800CD3ACD /* HomeViewController.swift */; };
		1ADC7EF1220BC9B700CD3ACD /* CartViewController.swift in Sources */ = {isa = PBXBuildFile; fileRef = 1ADC7EF0220BC9B700CD3ACD /* CartViewController.swift */; };
		1ADC7EF4220BCA8000CD3ACD /* ChaiGuruTabBarViewController.swift in Sources */ = {isa = PBXBuildFile; fileRef = 1ADC7EF3220BCA8000CD3ACD /* ChaiGuruTabBarViewController.swift */; };
		1ADC7EF6220BCAFC00CD3ACD /* AllViewProductsViewController.swift in Sources */ = {isa = PBXBuildFile; fileRef = 1ADC7EF5220BCAFC00CD3ACD /* AllViewProductsViewController.swift */; };
		1ADC7EF8220BCB1000CD3ACD /* ChaiGuruDetailsViewController.swift in Sources */ = {isa = PBXBuildFile; fileRef = 1ADC7EF7220BCB1000CD3ACD /* ChaiGuruDetailsViewController.swift */; };
		1AE20B92220B453600B6897D /* AppDelegate.swift in Sources */ = {isa = PBXBuildFile; fileRef = 1AE20B91220B453600B6897D /* AppDelegate.swift */; };
		1AE20B94220B453600B6897D /* ViewController.swift in Sources */ = {isa = PBXBuildFile; fileRef = 1AE20B93220B453600B6897D /* ViewController.swift */; };
		1AE20B97220B453600B6897D /* Main.storyboard in Resources */ = {isa = PBXBuildFile; fileRef = 1AE20B95220B453600B6897D /* Main.storyboard */; };
		1AE20B99220B453700B6897D /* Assets.xcassets in Resources */ = {isa = PBXBuildFile; fileRef = 1AE20B98220B453700B6897D /* Assets.xcassets */; };
		1AE20B9C220B453700B6897D /* LaunchScreen.storyboard in Resources */ = {isa = PBXBuildFile; fileRef = 1AE20B9A220B453700B6897D /* LaunchScreen.storyboard */; };
		1AE20BA4220B46DC00B6897D /* AboutViewController.swift in Sources */ = {isa = PBXBuildFile; fileRef = 1AE20BA3220B46DC00B6897D /* AboutViewController.swift */; };
		1AE20BA6220B46EC00B6897D /* LoginViewController.swift in Sources */ = {isa = PBXBuildFile; fileRef = 1AE20BA5220B46EC00B6897D /* LoginViewController.swift */; };
		1AE20BA8220B46F900B6897D /* RegistrationViewController.swift in Sources */ = {isa = PBXBuildFile; fileRef = 1AE20BA7220B46F900B6897D /* RegistrationViewController.swift */; };
		1AE20BAA220B4AB900B6897D /* Montserrat-Bold.ttf in Resources */ = {isa = PBXBuildFile; fileRef = 1AE20BA9220B4AB900B6897D /* Montserrat-Bold.ttf */; };
		1AE20BAC220B4AC700B6897D /* Montserrat-ExtraBold.ttf in Resources */ = {isa = PBXBuildFile; fileRef = 1AE20BAB220B4AC700B6897D /* Montserrat-ExtraBold.ttf */; };
		1AE20BAE220B4ADA00B6897D /* Montserrat-Light.ttf in Resources */ = {isa = PBXBuildFile; fileRef = 1AE20BAD220B4ADA00B6897D /* Montserrat-Light.ttf */; };
		1AE20BB0220B4AE500B6897D /* Montserrat-Medium.ttf in Resources */ = {isa = PBXBuildFile; fileRef = 1AE20BAF220B4AE500B6897D /* Montserrat-Medium.ttf */; };
		1AE20BB2220B4AF200B6897D /* Montserrat-Regular.ttf in Resources */ = {isa = PBXBuildFile; fileRef = 1AE20BB1220B4AF200B6897D /* Montserrat-Regular.ttf */; };
		1AE20BB4220B4AFC00B6897D /* Montserrat-SemiBold.ttf in Resources */ = {isa = PBXBuildFile; fileRef = 1AE20BB3220B4AFC00B6897D /* Montserrat-SemiBold.ttf */; };
		1AE20BB8220B4E5F00B6897D /* RoundedCornersExtensionFile.swift in Sources */ = {isa = PBXBuildFile; fileRef = 1AE20BB7220B4E5F00B6897D /* RoundedCornersExtensionFile.swift */; };
		1AE20BBB220B5C0200B6897D /* UserDefaultStored.swift in Sources */ = {isa = PBXBuildFile; fileRef = 1AE20BBA220B5C0200B6897D /* UserDefaultStored.swift */; };
		1AE20BBD220B61CC00B6897D /* APIRequest.swift in Sources */ = {isa = PBXBuildFile; fileRef = 1AE20BBC220B61CC00B6897D /* APIRequest.swift */; };
		1AE20BBF220B64DA00B6897D /* ConstantsFile.swift in Sources */ = {isa = PBXBuildFile; fileRef = 1AE20BBE220B64DA00B6897D /* ConstantsFile.swift */; };
		2BA6A587AEC66276053E46F0 /* Pods_ChaiGuru.framework in Frameworks */ = {isa = PBXBuildFile; fileRef = 93FDF2E3037D7B4AFD6F1F5F /* Pods_ChaiGuru.framework */; };
		7D13C7F9220C0C840087E6E5 /* Reachability.swift in Sources */ = {isa = PBXBuildFile; fileRef = 7D13C7F8220C0C840087E6E5 /* Reachability.swift */; };
/* End PBXBuildFile section */

/* Begin PBXFileReference section */
		1A4A5A23221094D90034437A /* SingletonClass.swift */ = {isa = PBXFileReference; lastKnownFileType = sourcecode.swift; path = SingletonClass.swift; sourceTree = "<group>"; };
		1A9723BB220C957B00D531B1 /* Extension.swift */ = {isa = PBXFileReference; lastKnownFileType = sourcecode.swift; path = Extension.swift; sourceTree = "<group>"; };
		1A9723BD220C95A600D531B1 /* UtilitiesFile.swift */ = {isa = PBXFileReference; lastKnownFileType = sourcecode.swift; path = UtilitiesFile.swift; sourceTree = "<group>"; };
		1A9723BF220C9E0300D531B1 /* SweetAlert.swift */ = {isa = PBXFileReference; fileEncoding = 4; lastKnownFileType = sourcecode.swift; path = SweetAlert.swift; sourceTree = "<group>"; };
		1A9723C1220CB4CF00D531B1 /* ForgotViewController.swift */ = {isa = PBXFileReference; lastKnownFileType = sourcecode.swift; path = ForgotViewController.swift; sourceTree = "<group>"; };
		1A9723C3220CB6B100D531B1 /* HomePageCollectionViewCell.swift */ = {isa = PBXFileReference; lastKnownFileType = sourcecode.swift; path = HomePageCollectionViewCell.swift; sourceTree = "<group>"; };
		1A9723C5220CB6DD00D531B1 /* TypesOfProductCollectionViewCell.swift */ = {isa = PBXFileReference; lastKnownFileType = sourcecode.swift; path = TypesOfProductCollectionViewCell.swift; sourceTree = "<group>"; };
		1A9723C9220CBB6200D531B1 /* TypeOfProductNameTableViewCell.swift */ = {isa = PBXFileReference; lastKnownFileType = sourcecode.swift; path = TypeOfProductNameTableViewCell.swift; sourceTree = "<group>"; };
		1A9723CB220CBB9100D531B1 /* TypesOfProductItemsTableViewCell.swift */ = {isa = PBXFileReference; lastKnownFileType = sourcecode.swift; path = TypesOfProductItemsTableViewCell.swift; sourceTree = "<group>"; };
		1AAB19BA2215CC2B009F0CDB /* HomeSlideScreensTableViewCell.swift */ = {isa = PBXFileReference; lastKnownFileType = sourcecode.swift; path = HomeSlideScreensTableViewCell.swift; sourceTree = "<group>"; };
		1AAB19BC2215D30E009F0CDB /* ChaiDetProductItemsImagesTableViewCell.swift */ = {isa = PBXFileReference; lastKnownFileType = sourcecode.swift; path = ChaiDetProductItemsImagesTableViewCell.swift; sourceTree = "<group>"; };
		1AAB19BE2215E4A7009F0CDB /* ChaiDetaDescrbtionsTableViewCell.swift */ = {isa = PBXFileReference; lastKnownFileType = sourcecode.swift; path = ChaiDetaDescrbtionsTableViewCell.swift; sourceTree = "<group>"; };
		1AAB19C02215E4F9009F0CDB /* ChaiDetaIngrediantsImagesTableViewCell.swift */ = {isa = PBXFileReference; lastKnownFileType = sourcecode.swift; path = ChaiDetaIngrediantsImagesTableViewCell.swift; sourceTree = "<group>"; };
		1AAB19C22215E540009F0CDB /* ChaiProductDetailsSectionTableViewCell.swift */ = {isa = PBXFileReference; lastKnownFileType = sourcecode.swift; path = ChaiProductDetailsSectionTableViewCell.swift; sourceTree = "<group>"; };
		1AAB19C42215E56C009F0CDB /* ChaiProductDetailsRowTableViewCell.swift */ = {isa = PBXFileReference; lastKnownFileType = sourcecode.swift; path = ChaiProductDetailsRowTableViewCell.swift; sourceTree = "<group>"; };
		1AB9AF0222108E2200F44828 /* ChaiGuru-Bridging-Header.h */ = {isa = PBXFileReference; lastKnownFileType = sourcecode.c.h; path = "ChaiGuru-Bridging-Header.h"; sourceTree = "<group>"; };
		1AB9AF0322108E2400F44828 /* MBProgressHUD.m */ = {isa = PBXFileReference; fileEncoding = 4; lastKnownFileType = sourcecode.c.objc; path = MBProgressHUD.m; sourceTree = "<group>"; };
		1AB9AF0422108E2400F44828 /* MBProgressHUD.h */ = {isa = PBXFileReference; fileEncoding = 4; lastKnownFileType = sourcecode.c.h; path = MBProgressHUD.h; sourceTree = "<group>"; };
		1AC9166222165D5B007D8703 /* ChaiDetaSlideImagesCollectionViewCell.swift */ = {isa = PBXFileReference; lastKnownFileType = sourcecode.swift; path = ChaiDetaSlideImagesCollectionViewCell.swift; sourceTree = "<group>"; };
		1ADC7EEE220BC99800CD3ACD /* HomeViewController.swift */ = {isa = PBXFileReference; lastKnownFileType = sourcecode.swift; path = HomeViewController.swift; sourceTree = "<group>"; };
		1ADC7EF0220BC9B700CD3ACD /* CartViewController.swift */ = {isa = PBXFileReference; lastKnownFileType = sourcecode.swift; path = CartViewController.swift; sourceTree = "<group>"; };
		1ADC7EF3220BCA8000CD3ACD /* ChaiGuruTabBarViewController.swift */ = {isa = PBXFileReference; lastKnownFileType = sourcecode.swift; path = ChaiGuruTabBarViewController.swift; sourceTree = "<group>"; };
		1ADC7EF5220BCAFC00CD3ACD /* AllViewProductsViewController.swift */ = {isa = PBXFileReference; lastKnownFileType = sourcecode.swift; path = AllViewProductsViewController.swift; sourceTree = "<group>"; };
		1ADC7EF7220BCB1000CD3ACD /* ChaiGuruDetailsViewController.swift */ = {isa = PBXFileReference; lastKnownFileType = sourcecode.swift; path = ChaiGuruDetailsViewController.swift; sourceTree = "<group>"; };
		1AE20B8E220B453600B6897D /* ChaiGuru.app */ = {isa = PBXFileReference; explicitFileType = wrapper.application; includeInIndex = 0; path = ChaiGuru.app; sourceTree = BUILT_PRODUCTS_DIR; };
		1AE20B91220B453600B6897D /* AppDelegate.swift */ = {isa = PBXFileReference; lastKnownFileType = sourcecode.swift; path = AppDelegate.swift; sourceTree = "<group>"; };
		1AE20B93220B453600B6897D /* ViewController.swift */ = {isa = PBXFileReference; lastKnownFileType = sourcecode.swift; path = ViewController.swift; sourceTree = "<group>"; };
		1AE20B96220B453600B6897D /* Base */ = {isa = PBXFileReference; lastKnownFileType = file.storyboard; name = Base; path = Base.lproj/Main.storyboard; sourceTree = "<group>"; };
		1AE20B98220B453700B6897D /* Assets.xcassets */ = {isa = PBXFileReference; lastKnownFileType = folder.assetcatalog; path = Assets.xcassets; sourceTree = "<group>"; };
		1AE20B9B220B453700B6897D /* Base */ = {isa = PBXFileReference; lastKnownFileType = file.storyboard; name = Base; path = Base.lproj/LaunchScreen.storyboard; sourceTree = "<group>"; };
		1AE20B9D220B453700B6897D /* Info.plist */ = {isa = PBXFileReference; lastKnownFileType = text.plist.xml; path = Info.plist; sourceTree = "<group>"; };
		1AE20BA3220B46DC00B6897D /* AboutViewController.swift */ = {isa = PBXFileReference; lastKnownFileType = sourcecode.swift; path = AboutViewController.swift; sourceTree = "<group>"; };
		1AE20BA5220B46EC00B6897D /* LoginViewController.swift */ = {isa = PBXFileReference; lastKnownFileType = sourcecode.swift; path = LoginViewController.swift; sourceTree = "<group>"; };
		1AE20BA7220B46F900B6897D /* RegistrationViewController.swift */ = {isa = PBXFileReference; lastKnownFileType = sourcecode.swift; path = RegistrationViewController.swift; sourceTree = "<group>"; };
		1AE20BA9220B4AB900B6897D /* Montserrat-Bold.ttf */ = {isa = PBXFileReference; lastKnownFileType = file; path = "Montserrat-Bold.ttf"; sourceTree = "<group>"; };
		1AE20BAB220B4AC700B6897D /* Montserrat-ExtraBold.ttf */ = {isa = PBXFileReference; lastKnownFileType = file; path = "Montserrat-ExtraBold.ttf"; sourceTree = "<group>"; };
		1AE20BAD220B4ADA00B6897D /* Montserrat-Light.ttf */ = {isa = PBXFileReference; lastKnownFileType = file; path = "Montserrat-Light.ttf"; sourceTree = "<group>"; };
		1AE20BAF220B4AE500B6897D /* Montserrat-Medium.ttf */ = {isa = PBXFileReference; lastKnownFileType = file; path = "Montserrat-Medium.ttf"; sourceTree = "<group>"; };
		1AE20BB1220B4AF200B6897D /* Montserrat-Regular.ttf */ = {isa = PBXFileReference; lastKnownFileType = file; path = "Montserrat-Regular.ttf"; sourceTree = "<group>"; };
		1AE20BB3220B4AFC00B6897D /* Montserrat-SemiBold.ttf */ = {isa = PBXFileReference; lastKnownFileType = file; path = "Montserrat-SemiBold.ttf"; sourceTree = "<group>"; };
		1AE20BB7220B4E5F00B6897D /* RoundedCornersExtensionFile.swift */ = {isa = PBXFileReference; lastKnownFileType = sourcecode.swift; path = RoundedCornersExtensionFile.swift; sourceTree = "<group>"; };
		1AE20BBA220B5C0200B6897D /* UserDefaultStored.swift */ = {isa = PBXFileReference; lastKnownFileType = sourcecode.swift; path = UserDefaultStored.swift; sourceTree = "<group>"; };
		1AE20BBC220B61CC00B6897D /* APIRequest.swift */ = {isa = PBXFileReference; lastKnownFileType = sourcecode.swift; path = APIRequest.swift; sourceTree = "<group>"; };
		1AE20BBE220B64DA00B6897D /* ConstantsFile.swift */ = {isa = PBXFileReference; lastKnownFileType = sourcecode.swift; path = ConstantsFile.swift; sourceTree = "<group>"; };
		2036F66EE3101C4A2A876145 /* Pods-ChaiGuru.release.xcconfig */ = {isa = PBXFileReference; includeInIndex = 1; lastKnownFileType = text.xcconfig; name = "Pods-ChaiGuru.release.xcconfig"; path = "Pods/Target Support Files/Pods-ChaiGuru/Pods-ChaiGuru.release.xcconfig"; sourceTree = "<group>"; };
		7D13C7F8220C0C840087E6E5 /* Reachability.swift */ = {isa = PBXFileReference; fileEncoding = 4; lastKnownFileType = sourcecode.swift; path = Reachability.swift; sourceTree = "<group>"; };
		93FDF2E3037D7B4AFD6F1F5F /* Pods_ChaiGuru.framework */ = {isa = PBXFileReference; explicitFileType = wrapper.framework; includeInIndex = 0; path = Pods_ChaiGuru.framework; sourceTree = BUILT_PRODUCTS_DIR; };
		C16EC7E94A13F3ECF968D94B /* Pods-ChaiGuru.debug.xcconfig */ = {isa = PBXFileReference; includeInIndex = 1; lastKnownFileType = text.xcconfig; name = "Pods-ChaiGuru.debug.xcconfig"; path = "Pods/Target Support Files/Pods-ChaiGuru/Pods-ChaiGuru.debug.xcconfig"; sourceTree = "<group>"; };
/* End PBXFileReference section */

/* Begin PBXFrameworksBuildPhase section */
		1AE20B8B220B453500B6897D /* Frameworks */ = {
			isa = PBXFrameworksBuildPhase;
			buildActionMask = 2147483647;
			files = (
				2BA6A587AEC66276053E46F0 /* Pods_ChaiGuru.framework in Frameworks */,
			);
			runOnlyForDeploymentPostprocessing = 0;
		};
/* End PBXFrameworksBuildPhase section */

/* Begin PBXGroup section */
		1A9723C7220CB6EC00D531B1 /* CustomCells */ = {
			isa = PBXGroup;
			children = (
				1A9723CD220CBB9900D531B1 /* TableViewCells */,
				1A9723C8220CBB3800D531B1 /* CollectionViewCells */,
			);
			path = CustomCells;
			sourceTree = "<group>";
		};
		1A9723C8220CBB3800D531B1 /* CollectionViewCells */ = {
			isa = PBXGroup;
			children = (
				1A9723C3220CB6B100D531B1 /* HomePageCollectionViewCell.swift */,
				1A9723C5220CB6DD00D531B1 /* TypesOfProductCollectionViewCell.swift */,
				1AC9166222165D5B007D8703 /* ChaiDetaSlideImagesCollectionViewCell.swift */,
			);
			path = CollectionViewCells;
			sourceTree = "<group>";
		};
		1A9723CD220CBB9900D531B1 /* TableViewCells */ = {
			isa = PBXGroup;
			children = (
				1A9723C9220CBB6200D531B1 /* TypeOfProductNameTableViewCell.swift */,
				1A9723CB220CBB9100D531B1 /* TypesOfProductItemsTableViewCell.swift */,
				1AAB19BA2215CC2B009F0CDB /* HomeSlideScreensTableViewCell.swift */,
				1AAB19C62215E5A8009F0CDB /* ChaiProductDetailsCells */,
			);
			path = TableViewCells;
			sourceTree = "<group>";
		};
		1AAB19C62215E5A8009F0CDB /* ChaiProductDetailsCells */ = {
			isa = PBXGroup;
			children = (
				1AAB19BC2215D30E009F0CDB /* ChaiDetProductItemsImagesTableViewCell.swift */,
				1AAB19BE2215E4A7009F0CDB /* ChaiDetaDescrbtionsTableViewCell.swift */,
				1AAB19C02215E4F9009F0CDB /* ChaiDetaIngrediantsImagesTableViewCell.swift */,
				1AAB19C22215E540009F0CDB /* ChaiProductDetailsSectionTableViewCell.swift */,
				1AAB19C42215E56C009F0CDB /* ChaiProductDetailsRowTableViewCell.swift */,
			);
			path = ChaiProductDetailsCells;
			sourceTree = "<group>";
		};
		1AB9AF0622108E2D00F44828 /* MBProgreebarHud */ = {
			isa = PBXGroup;
			children = (
				1AB9AF0422108E2400F44828 /* MBProgressHUD.h */,
				1AB9AF0322108E2400F44828 /* MBProgressHUD.m */,
			);
			path = MBProgreebarHud;
			sourceTree = "<group>";
		};
		1ADC7EF2220BC9BE00CD3ACD /* ViewControllers */ = {
			isa = PBXGroup;
			children = (
				1ADC7EF3220BCA8000CD3ACD /* ChaiGuruTabBarViewController.swift */,
				1ADC7EEE220BC99800CD3ACD /* HomeViewController.swift */,
				1ADC7EF5220BCAFC00CD3ACD /* AllViewProductsViewController.swift */,
				1ADC7EF7220BCB1000CD3ACD /* ChaiGuruDetailsViewController.swift */,
				1ADC7EF0220BC9B700CD3ACD /* CartViewController.swift */,
			);
			path = ViewControllers;
			sourceTree = "<group>";
		};
		1AE20B85220B453500B6897D = {
			isa = PBXGroup;
			children = (
				1AE20B90220B453600B6897D /* ChaiGuru */,
				1AE20B8F220B453600B6897D /* Products */,
				D13FA53DCAEF5E5B2AD28A5C /* Pods */,
				7F7140096F967CEAF779115D /* Frameworks */,
			);
			sourceTree = "<group>";
		};
		1AE20B8F220B453600B6897D /* Products */ = {
			isa = PBXGroup;
			children = (
				1AE20B8E220B453600B6897D /* ChaiGuru.app */,
			);
			name = Products;
			sourceTree = "<group>";
		};
		1AE20B90220B453600B6897D /* ChaiGuru */ = {
			isa = PBXGroup;
			children = (
				1AE20B91220B453600B6897D /* AppDelegate.swift */,
				1AE20B93220B453600B6897D /* ViewController.swift */,
				1AE20BBC220B61CC00B6897D /* APIRequest.swift */,
				1AE20BB9220B5BD000B6897D /* SupportedFiles */,
				1A9723C7220CB6EC00D531B1 /* CustomCells */,
				1ADC7EF2220BC9BE00CD3ACD /* ViewControllers */,
				1AE20BB6220B4C3C00B6897D /* Registration */,
				1AE20B95220B453600B6897D /* Main.storyboard */,
				1AE20BB5220B4B0E00B6897D /* Fonts */,
				1AE20B98220B453700B6897D /* Assets.xcassets */,
				1AE20B9A220B453700B6897D /* LaunchScreen.storyboard */,
				1AE20B9D220B453700B6897D /* Info.plist */,
			);
			path = ChaiGuru;
			sourceTree = "<group>";
		};
		1AE20BB5220B4B0E00B6897D /* Fonts */ = {
			isa = PBXGroup;
			children = (
				1AE20BA9220B4AB900B6897D /* Montserrat-Bold.ttf */,
				1AE20BAD220B4ADA00B6897D /* Montserrat-Light.ttf */,
				1AE20BB3220B4AFC00B6897D /* Montserrat-SemiBold.ttf */,
				1AE20BAF220B4AE500B6897D /* Montserrat-Medium.ttf */,
				1AE20BAB220B4AC700B6897D /* Montserrat-ExtraBold.ttf */,
				1AE20BB1220B4AF200B6897D /* Montserrat-Regular.ttf */,
			);
			path = Fonts;
			sourceTree = "<group>";
		};
		1AE20BB6220B4C3C00B6897D /* Registration */ = {
			isa = PBXGroup;
			children = (
				1AE20BA3220B46DC00B6897D /* AboutViewController.swift */,
				1AE20BA5220B46EC00B6897D /* LoginViewController.swift */,
				1AE20BA7220B46F900B6897D /* RegistrationViewController.swift */,
				1A9723C1220CB4CF00D531B1 /* ForgotViewController.swift */,
			);
			path = Registration;
			sourceTree = "<group>";
		};
		1AE20BB9220B5BD000B6897D /* SupportedFiles */ = {
			isa = PBXGroup;
			children = (
				1AE20BB7220B4E5F00B6897D /* RoundedCornersExtensionFile.swift */,
				1A9723BB220C957B00D531B1 /* Extension.swift */,
				1A9723BD220C95A600D531B1 /* UtilitiesFile.swift */,
				1AE20BBA220B5C0200B6897D /* UserDefaultStored.swift */,
				1A9723BF220C9E0300D531B1 /* SweetAlert.swift */,
				1AE20BBE220B64DA00B6897D /* ConstantsFile.swift */,
				7D13C7F8220C0C840087E6E5 /* Reachability.swift */,
				1A4A5A23221094D90034437A /* SingletonClass.swift */,
				1AB9AF0222108E2200F44828 /* ChaiGuru-Bridging-Header.h */,
				1AB9AF0622108E2D00F44828 /* MBProgreebarHud */,
			);
			path = SupportedFiles;
			sourceTree = "<group>";
		};
		7F7140096F967CEAF779115D /* Frameworks */ = {
			isa = PBXGroup;
			children = (
				93FDF2E3037D7B4AFD6F1F5F /* Pods_ChaiGuru.framework */,
			);
			name = Frameworks;
			sourceTree = "<group>";
		};
		D13FA53DCAEF5E5B2AD28A5C /* Pods */ = {
			isa = PBXGroup;
			children = (
				C16EC7E94A13F3ECF968D94B /* Pods-ChaiGuru.debug.xcconfig */,
				2036F66EE3101C4A2A876145 /* Pods-ChaiGuru.release.xcconfig */,
			);
			name = Pods;
			sourceTree = "<group>";
		};
/* End PBXGroup section */

/* Begin PBXNativeTarget section */
		1AE20B8D220B453500B6897D /* ChaiGuru */ = {
			isa = PBXNativeTarget;
			buildConfigurationList = 1AE20BA0220B453700B6897D /* Build configuration list for PBXNativeTarget "ChaiGuru" */;
			buildPhases = (
				E7095885A638BC3CD2F588DC /* [CP] Check Pods Manifest.lock */,
				1AE20B8A220B453500B6897D /* Sources */,
				1AE20B8B220B453500B6897D /* Frameworks */,
				1AE20B8C220B453500B6897D /* Resources */,
				EF937ACC43D9C0BFFF32C067 /* [CP] Embed Pods Frameworks */,
			);
			buildRules = (
			);
			dependencies = (
			);
			name = ChaiGuru;
			productName = ChaiGuru;
			productReference = 1AE20B8E220B453600B6897D /* ChaiGuru.app */;
			productType = "com.apple.product-type.application";
		};
/* End PBXNativeTarget section */

/* Begin PBXProject section */
		1AE20B86220B453500B6897D /* Project object */ = {
			isa = PBXProject;
			attributes = {
				LastSwiftUpdateCheck = 1010;
				LastUpgradeCheck = 1010;
				ORGANIZATIONNAME = phanindhra;
				TargetAttributes = {
					1AE20B8D220B453500B6897D = {
						CreatedOnToolsVersion = 10.1;
						LastSwiftMigration = 1010;
					};
				};
			};
			buildConfigurationList = 1AE20B89220B453500B6897D /* Build configuration list for PBXProject "ChaiGuru" */;
			compatibilityVersion = "Xcode 9.3";
			developmentRegion = en;
			hasScannedForEncodings = 0;
			knownRegions = (
				en,
				Base,
			);
			mainGroup = 1AE20B85220B453500B6897D;
			productRefGroup = 1AE20B8F220B453600B6897D /* Products */;
			projectDirPath = "";
			projectRoot = "";
			targets = (
				1AE20B8D220B453500B6897D /* ChaiGuru */,
			);
		};
/* End PBXProject section */

/* Begin PBXResourcesBuildPhase section */
		1AE20B8C220B453500B6897D /* Resources */ = {
			isa = PBXResourcesBuildPhase;
			buildActionMask = 2147483647;
			files = (
				1AE20BB2220B4AF200B6897D /* Montserrat-Regular.ttf in Resources */,
				1AE20BAE220B4ADA00B6897D /* Montserrat-Light.ttf in Resources */,
				1AE20BAC220B4AC700B6897D /* Montserrat-ExtraBold.ttf in Resources */,
				1AE20BAA220B4AB900B6897D /* Montserrat-Bold.ttf in Resources */,
				1AE20BB0220B4AE500B6897D /* Montserrat-Medium.ttf in Resources */,
				1AE20B9C220B453700B6897D /* LaunchScreen.storyboard in Resources */,
				1AE20BB4220B4AFC00B6897D /* Montserrat-SemiBold.ttf in Resources */,
				1AE20B99220B453700B6897D /* Assets.xcassets in Resources */,
				1AE20B97220B453600B6897D /* Main.storyboard in Resources */,
			);
			runOnlyForDeploymentPostprocessing = 0;
		};
/* End PBXResourcesBuildPhase section */

/* Begin PBXShellScriptBuildPhase section */
		E7095885A638BC3CD2F588DC /* [CP] Check Pods Manifest.lock */ = {
			isa = PBXShellScriptBuildPhase;
			buildActionMask = 2147483647;
			files = (
			);
			inputPaths = (
				"${PODS_PODFILE_DIR_PATH}/Podfile.lock",
				"${PODS_ROOT}/Manifest.lock",
			);
			name = "[CP] Check Pods Manifest.lock";
			outputPaths = (
				"$(DERIVED_FILE_DIR)/Pods-ChaiGuru-checkManifestLockResult.txt",
			);
			runOnlyForDeploymentPostprocessing = 0;
			shellPath = /bin/sh;
			shellScript = "diff \"${PODS_PODFILE_DIR_PATH}/Podfile.lock\" \"${PODS_ROOT}/Manifest.lock\" > /dev/null\nif [ $? != 0 ] ; then\n    # print error to STDERR\n    echo \"error: The sandbox is not in sync with the Podfile.lock. Run 'pod install' or update your CocoaPods installation.\" >&2\n    exit 1\nfi\n# This output is used by Xcode 'outputs' to avoid re-running this script phase.\necho \"SUCCESS\" > \"${SCRIPT_OUTPUT_FILE_0}\"\n";
			showEnvVarsInLog = 0;
		};
		EF937ACC43D9C0BFFF32C067 /* [CP] Embed Pods Frameworks */ = {
			isa = PBXShellScriptBuildPhase;
			buildActionMask = 2147483647;
			files = (
			);
			inputPaths = (
				"${SRCROOT}/Pods/Target Support Files/Pods-ChaiGuru/Pods-ChaiGuru-frameworks.sh",
				"${BUILT_PRODUCTS_DIR}/MaterialTextField/MaterialTextField.framework",
				"${BUILT_PRODUCTS_DIR}/SDWebImage/SDWebImage.framework",
			);
			name = "[CP] Embed Pods Frameworks";
			outputPaths = (
				"${TARGET_BUILD_DIR}/${FRAMEWORKS_FOLDER_PATH}/MaterialTextField.framework",
				"${TARGET_BUILD_DIR}/${FRAMEWORKS_FOLDER_PATH}/SDWebImage.framework",
			);
			runOnlyForDeploymentPostprocessing = 0;
			shellPath = /bin/sh;
			shellScript = "\"${SRCROOT}/Pods/Target Support Files/Pods-ChaiGuru/Pods-ChaiGuru-frameworks.sh\"\n";
			showEnvVarsInLog = 0;
		};
/* End PBXShellScriptBuildPhase section */

/* Begin PBXSourcesBuildPhase section */
		1AE20B8A220B453500B6897D /* Sources */ = {
			isa = PBXSourcesBuildPhase;
			buildActionMask = 2147483647;
			files = (
				1AE20BBF220B64DA00B6897D /* ConstantsFile.swift in Sources */,
				1A9723C2220CB4CF00D531B1 /* ForgotViewController.swift in Sources */,
				1AAB19BD2215D30E009F0CDB /* ChaiDetProductItemsImagesTableViewCell.swift in Sources */,
				1AAB19BF2215E4A7009F0CDB /* ChaiDetaDescrbtionsTableViewCell.swift in Sources */,
				1AE20BA6220B46EC00B6897D /* LoginViewController.swift in Sources */,
				1AE20BA4220B46DC00B6897D /* AboutViewController.swift in Sources */,
				1AE20BBB220B5C0200B6897D /* UserDefaultStored.swift in Sources */,
				1AC9166322165D5B007D8703 /* ChaiDetaSlideImagesCollectionViewCell.swift in Sources */,
				1A9723CA220CBB6200D531B1 /* TypeOfProductNameTableViewCell.swift in Sources */,
				1AAB19C52215E56C009F0CDB /* ChaiProductDetailsRowTableViewCell.swift in Sources */,
				1AE20BB8220B4E5F00B6897D /* RoundedCornersExtensionFile.swift in Sources */,
				1AB9AF0522108E2400F44828 /* MBProgressHUD.m in Sources */,
				1A4A5A24221094D90034437A /* SingletonClass.swift in Sources */,
				1AAB19C32215E540009F0CDB /* ChaiProductDetailsSectionTableViewCell.swift in Sources */,
				1ADC7EEF220BC99800CD3ACD /* HomeViewController.swift in Sources */,
				1AE20B94220B453600B6897D /* ViewController.swift in Sources */,
				1A9723C4220CB6B100D531B1 /* HomePageCollectionViewCell.swift in Sources */,
				1AAB19BB2215CC2B009F0CDB /* HomeSlideScreensTableViewCell.swift in Sources */,
				1A9723BC220C957B00D531B1 /* Extension.swift in Sources */,
				1A9723CC220CBB9100D531B1 /* TypesOfProductItemsTableViewCell.swift in Sources */,
				1A9723BE220C95A700D531B1 /* UtilitiesFile.swift in Sources */,
				1AAB19C12215E4F9009F0CDB /* ChaiDetaIngrediantsImagesTableViewCell.swift in Sources */,
				1A9723C6220CB6DD00D531B1 /* TypesOfProductCollectionViewCell.swift in Sources */,
				1ADC7EF1220BC9B700CD3ACD /* CartViewController.swift in Sources */,
				7D13C7F9220C0C840087E6E5 /* Reachability.swift in Sources */,
				1A9723C0220C9E0300D531B1 /* SweetAlert.swift in Sources */,
				1ADC7EF4220BCA8000CD3ACD /* ChaiGuruTabBarViewController.swift in Sources */,
				1AE20B92220B453600B6897D /* AppDelegate.swift in Sources */,
				1AE20BBD220B61CC00B6897D /* APIRequest.swift in Sources */,
				1ADC7EF8220BCB1000CD3ACD /* ChaiGuruDetailsViewController.swift in Sources */,
				1AE20BA8220B46F900B6897D /* RegistrationViewController.swift in Sources */,
				1ADC7EF6220BCAFC00CD3ACD /* AllViewProductsViewController.swift in Sources */,
			);
			runOnlyForDeploymentPostprocessing = 0;
		};
/* End PBXSourcesBuildPhase section */

/* Begin PBXVariantGroup section */
		1AE20B95220B453600B6897D /* Main.storyboard */ = {
			isa = PBXVariantGroup;
			children = (
				1AE20B96220B453600B6897D /* Base */,
			);
			name = Main.storyboard;
			sourceTree = "<group>";
		};
		1AE20B9A220B453700B6897D /* LaunchScreen.storyboard */ = {
			isa = PBXVariantGroup;
			children = (
				1AE20B9B220B453700B6897D /* Base */,
			);
			name = LaunchScreen.storyboard;
			sourceTree = "<group>";
		};
/* End PBXVariantGroup section */

/* Begin XCBuildConfiguration section */
		1AE20B9E220B453700B6897D /* Debug */ = {
			isa = XCBuildConfiguration;
			buildSettings = {
				ALWAYS_SEARCH_USER_PATHS = NO;
				CLANG_ANALYZER_NONNULL = YES;
				CLANG_ANALYZER_NUMBER_OBJECT_CONVERSION = YES_AGGRESSIVE;
				CLANG_CXX_LANGUAGE_STANDARD = "gnu++14";
				CLANG_CXX_LIBRARY = "libc++";
				CLANG_ENABLE_MODULES = YES;
				CLANG_ENABLE_OBJC_ARC = YES;
				CLANG_ENABLE_OBJC_WEAK = YES;
				CLANG_WARN_BLOCK_CAPTURE_AUTORELEASING = YES;
				CLANG_WARN_BOOL_CONVERSION = YES;
				CLANG_WARN_COMMA = YES;
				CLANG_WARN_CONSTANT_CONVERSION = YES;
				CLANG_WARN_DEPRECATED_OBJC_IMPLEMENTATIONS = YES;
				CLANG_WARN_DIRECT_OBJC_ISA_USAGE = YES_ERROR;
				CLANG_WARN_DOCUMENTATION_COMMENTS = YES;
				CLANG_WARN_EMPTY_BODY = YES;
				CLANG_WARN_ENUM_CONVERSION = YES;
				CLANG_WARN_INFINITE_RECURSION = YES;
				CLANG_WARN_INT_CONVERSION = YES;
				CLANG_WARN_NON_LITERAL_NULL_CONVERSION = YES;
				CLANG_WARN_OBJC_IMPLICIT_RETAIN_SELF = YES;
				CLANG_WARN_OBJC_LITERAL_CONVERSION = YES;
				CLANG_WARN_OBJC_ROOT_CLASS = YES_ERROR;
				CLANG_WARN_RANGE_LOOP_ANALYSIS = YES;
				CLANG_WARN_STRICT_PROTOTYPES = YES;
				CLANG_WARN_SUSPICIOUS_MOVE = YES;
				CLANG_WARN_UNGUARDED_AVAILABILITY = YES_AGGRESSIVE;
				CLANG_WARN_UNREACHABLE_CODE = YES;
				CLANG_WARN__DUPLICATE_METHOD_MATCH = YES;
				CODE_SIGN_IDENTITY = "iPhone Developer";
				COPY_PHASE_STRIP = NO;
				DEBUG_INFORMATION_FORMAT = dwarf;
				ENABLE_STRICT_OBJC_MSGSEND = YES;
				ENABLE_TESTABILITY = YES;
				GCC_C_LANGUAGE_STANDARD = gnu11;
				GCC_DYNAMIC_NO_PIC = NO;
				GCC_NO_COMMON_BLOCKS = YES;
				GCC_OPTIMIZATION_LEVEL = 0;
				GCC_PREPROCESSOR_DEFINITIONS = (
					"DEBUG=1",
					"$(inherited)",
				);
				GCC_WARN_64_TO_32_BIT_CONVERSION = YES;
				GCC_WARN_ABOUT_RETURN_TYPE = YES_ERROR;
				GCC_WARN_UNDECLARED_SELECTOR = YES;
				GCC_WARN_UNINITIALIZED_AUTOS = YES_AGGRESSIVE;
				GCC_WARN_UNUSED_FUNCTION = YES;
				GCC_WARN_UNUSED_VARIABLE = YES;
				IPHONEOS_DEPLOYMENT_TARGET = 12.1;
				MTL_ENABLE_DEBUG_INFO = INCLUDE_SOURCE;
				MTL_FAST_MATH = YES;
				ONLY_ACTIVE_ARCH = YES;
				SDKROOT = iphoneos;
				SWIFT_ACTIVE_COMPILATION_CONDITIONS = DEBUG;
				SWIFT_OPTIMIZATION_LEVEL = "-Onone";
			};
			name = Debug;
		};
		1AE20B9F220B453700B6897D /* Release */ = {
			isa = XCBuildConfiguration;
			buildSettings = {
				ALWAYS_SEARCH_USER_PATHS = NO;
				CLANG_ANALYZER_NONNULL = YES;
				CLANG_ANALYZER_NUMBER_OBJECT_CONVERSION = YES_AGGRESSIVE;
				CLANG_CXX_LANGUAGE_STANDARD = "gnu++14";
				CLANG_CXX_LIBRARY = "libc++";
				CLANG_ENABLE_MODULES = YES;
				CLANG_ENABLE_OBJC_ARC = YES;
				CLANG_ENABLE_OBJC_WEAK = YES;
				CLANG_WARN_BLOCK_CAPTURE_AUTORELEASING = YES;
				CLANG_WARN_BOOL_CONVERSION = YES;
				CLANG_WARN_COMMA = YES;
				CLANG_WARN_CONSTANT_CONVERSION = YES;
				CLANG_WARN_DEPRECATED_OBJC_IMPLEMENTATIONS = YES;
				CLANG_WARN_DIRECT_OBJC_ISA_USAGE = YES_ERROR;
				CLANG_WARN_DOCUMENTATION_COMMENTS = YES;
				CLANG_WARN_EMPTY_BODY = YES;
				CLANG_WARN_ENUM_CONVERSION = YES;
				CLANG_WARN_INFINITE_RECURSION = YES;
				CLANG_WARN_INT_CONVERSION = YES;
				CLANG_WARN_NON_LITERAL_NULL_CONVERSION = YES;
				CLANG_WARN_OBJC_IMPLICIT_RETAIN_SELF = YES;
				CLANG_WARN_OBJC_LITERAL_CONVERSION = YES;
				CLANG_WARN_OBJC_ROOT_CLASS = YES_ERROR;
				CLANG_WARN_RANGE_LOOP_ANALYSIS = YES;
				CLANG_WARN_STRICT_PROTOTYPES = YES;
				CLANG_WARN_SUSPICIOUS_MOVE = YES;
				CLANG_WARN_UNGUARDED_AVAILABILITY = YES_AGGRESSIVE;
				CLANG_WARN_UNREACHABLE_CODE = YES;
				CLANG_WARN__DUPLICATE_METHOD_MATCH = YES;
				CODE_SIGN_IDENTITY = "iPhone Developer";
				COPY_PHASE_STRIP = NO;
				DEBUG_INFORMATION_FORMAT = "dwarf-with-dsym";
				ENABLE_NS_ASSERTIONS = NO;
				ENABLE_STRICT_OBJC_MSGSEND = YES;
				GCC_C_LANGUAGE_STANDARD = gnu11;
				GCC_NO_COMMON_BLOCKS = YES;
				GCC_WARN_64_TO_32_BIT_CONVERSION = YES;
				GCC_WARN_ABOUT_RETURN_TYPE = YES_ERROR;
				GCC_WARN_UNDECLARED_SELECTOR = YES;
				GCC_WARN_UNINITIALIZED_AUTOS = YES_AGGRESSIVE;
				GCC_WARN_UNUSED_FUNCTION = YES;
				GCC_WARN_UNUSED_VARIABLE = YES;
				IPHONEOS_DEPLOYMENT_TARGET = 12.1;
				MTL_ENABLE_DEBUG_INFO = NO;
				MTL_FAST_MATH = YES;
				SDKROOT = iphoneos;
				SWIFT_COMPILATION_MODE = wholemodule;
				SWIFT_OPTIMIZATION_LEVEL = "-O";
				VALIDATE_PRODUCT = YES;
			};
			name = Release;
		};
		1AE20BA1220B453700B6897D /* Debug */ = {
			isa = XCBuildConfiguration;
			baseConfigurationReference = C16EC7E94A13F3ECF968D94B /* Pods-ChaiGuru.debug.xcconfig */;
			buildSettings = {
				ASSETCATALOG_COMPILER_APPICON_NAME = AppIcon;
				CLANG_ENABLE_MODULES = YES;
				CODE_SIGN_STYLE = Manual;
				DEVELOPMENT_TEAM = 9KFRHG4MU5;
				INFOPLIST_FILE = ChaiGuru/Info.plist;
				IPHONEOS_DEPLOYMENT_TARGET = 10;
				LD_RUNPATH_SEARCH_PATHS = (
					"$(inherited)",
					"@executable_path/Frameworks",
				);
				PRODUCT_BUNDLE_IDENTIFIER = com.voipSample.app;
				PRODUCT_NAME = "$(TARGET_NAME)";
				PROVISIONING_PROFILE_SPECIFIER = WildCardTesting_Jan_2;
				SWIFT_OBJC_BRIDGING_HEADER = "ChaiGuru/SupportedFiles/ChaiGuru-Bridging-Header.h";
				SWIFT_OPTIMIZATION_LEVEL = "-Onone";
				SWIFT_VERSION = 4.2;
				TARGETED_DEVICE_FAMILY = "1,2";
			};
			name = Debug;
		};
		1AE20BA2220B453700B6897D /* Release */ = {
			isa = XCBuildConfiguration;
			baseConfigurationReference = 2036F66EE3101C4A2A876145 /* Pods-ChaiGuru.release.xcconfig */;
			buildSettings = {
				ASSETCATALOG_COMPILER_APPICON_NAME = AppIcon;
				CLANG_ENABLE_MODULES = YES;
				CODE_SIGN_STYLE = Manual;
				DEVELOPMENT_TEAM = 9KFRHG4MU5;
				INFOPLIST_FILE = ChaiGuru/Info.plist;
				IPHONEOS_DEPLOYMENT_TARGET = 10;
				LD_RUNPATH_SEARCH_PATHS = (
					"$(inherited)",
					"@executable_path/Frameworks",
				);
				PRODUCT_BUNDLE_IDENTIFIER = com.voipSample.app;
				PRODUCT_NAME = "$(TARGET_NAME)";
				PROVISIONING_PROFILE_SPECIFIER = WildCardTesting_Jan_2;
				SWIFT_OBJC_BRIDGING_HEADER = "ChaiGuru/SupportedFiles/ChaiGuru-Bridging-Header.h";
				SWIFT_VERSION = 4.2;
				TARGETED_DEVICE_FAMILY = "1,2";
			};
			name = Release;
		};
/* End XCBuildConfiguration section */

/* Begin XCConfigurationList section */
		1AE20B89220B453500B6897D /* Build configuration list for PBXProject "ChaiGuru" */ = {
			isa = XCConfigurationList;
			buildConfigurations = (
				1AE20B9E220B453700B6897D /* Debug */,
				1AE20B9F220B453700B6897D /* Release */,
			);
			defaultConfigurationIsVisible = 0;
			defaultConfigurationName = Release;
		};
		1AE20BA0220B453700B6897D /* Build configuration list for PBXNativeTarget "ChaiGuru" */ = {
			isa = XCConfigurationList;
			buildConfigurations = (
				1AE20BA1220B453700B6897D /* Debug */,
				1AE20BA2220B453700B6897D /* Release */,
			);
			defaultConfigurationIsVisible = 0;
			defaultConfigurationName = Release;
		};
/* End XCConfigurationList section */
	};
	rootObject = 1AE20B86220B453500B6897D /* Project object */;
}
